
Microsoft Visual Studio Solution File, Format Version 12.00
# Visual Studio Version 17
VisualStudioVersion = 17.11.35312.102
MinimumVisualStudioVersion = 10.0.40219.1
Project("{FAE04EC0-301F-11D3-BF4B-00C04F79EFBC}") = "LeetCode Problems", "LeetCode Problems\LeetCode Problems.csproj", "{A366D15D-873F-4857-83AA-7F11FF8D8E06}"
EndProject
Global
	GlobalSection(SolutionConfigurationPlatforms) = preSolution
		Debug|Any CPU = Debug|Any CPU
		Release|Any CPU = Release|Any CPU
	EndGlobalSection
	GlobalSection(ProjectConfigurationPlatforms) = postSolution
		{A366D15D-873F-4857-83AA-7F11FF8D8E06}.Debug|Any CPU.ActiveCfg = Debug|Any CPU
		{A366D15D-873F-4857-83AA-7F11FF8D8E06}.Debug|Any CPU.Build.0 = Debug|Any CPU
		{A366D15D-873F-4857-83AA-7F11FF8D8E06}.Release|Any CPU.ActiveCfg = Release|Any CPU
		{A366D15D-873F-4857-83AA-7F11FF8D8E06}.Release|Any CPU.Build.0 = Release|Any CPU
	EndGlobalSection
	GlobalSection(SolutionProperties) = preSolution
		HideSolutionNode = FALSE
	EndGlobalSection
	GlobalSection(ExtensibilityGlobals) = postSolution
		SolutionGuid = {A061D91E-3FD9-4B12-B26F-407443BF83B7}
	EndGlobalSection
EndGlobal
